
Microsoft Visual Studio Solution File, Format Version 12.00
# Visual Studio 15
Project("{FAE04EC0-301F-11D3-BF4B-00C04F79EFBC}") = "Assembly-CSharp", "Assembly-CSharp.csproj", "{A08F84A0-6B85-7556-7EA6-B05814CF484E}"
EndProject
Global
	GlobalSection(SolutionConfigurationPlatforms) = preSolution
		Debug|Any CPU = Debug|Any CPU
		Release|Any CPU = Release|Any CPU
	EndGlobalSection
	GlobalSection(ProjectConfigurationPlatforms) = postSolution
		{A08F84A0-6B85-7556-7EA6-B05814CF484E}.Debug|Any CPU.ActiveCfg = Debug|Any CPU
		{A08F84A0-6B85-7556-7EA6-B05814CF484E}.Debug|Any CPU.Build.0 = Debug|Any CPU
		{A08F84A0-6B85-7556-7EA6-B05814CF484E}.Release|Any CPU.ActiveCfg = Release|Any CPU
		{A08F84A0-6B85-7556-7EA6-B05814CF484E}.Release|Any CPU.Build.0 = Release|Any CPU
	EndGlobalSection
	GlobalSection(SolutionProperties) = preSolution
		HideSolutionNode = FALSE
	EndGlobalSection
EndGlobal
